
Microsoft Visual Studio Solution File, Format Version 12.00
# Visual Studio 15
VisualStudioVersion = 15.0.28307.489
MinimumVisualStudioVersion = 10.0.40219.1
Project("{FAE04EC0-301F-11D3-BF4B-00C04F79EFBC}") = "API_PPT", "API_PPT\API_PPT.csproj", "{09B60736-1576-49D0-8E1E-3BE50F68AA1A}"
EndProject
Project("{2150E333-8FDC-42A3-9474-1A3956D46DE8}") = "1.1-Distributed Services", "1.1-Distributed Services", "{95F180B5-1158-4C89-8E8C-700DBA9CE955}"
EndProject
Project("{2150E333-8FDC-42A3-9474-1A3956D46DE8}") = "1.2-Application", "1.2-Application", "{13D07B89-7685-43FC-B65D-1ECA1F0C8305}"
EndProject
Project("{2150E333-8FDC-42A3-9474-1A3956D46DE8}") = "1.3-Domain", "1.3-Domain", "{2C2A8C23-2629-4B81-B303-F27E518C6FF1}"
EndProject
Project("{2150E333-8FDC-42A3-9474-1A3956D46DE8}") = "1.4-Infrastructure", "1.4-Infrastructure", "{D6394D0E-A793-4F7A-A62E-F268677F3580}"
EndProject
Project("{2150E333-8FDC-42A3-9474-1A3956D46DE8}") = "1.5-Test", "1.5-Test", "{CEA9A544-FCA9-4DA4-B2BF-C613A7AD800F}"
EndProject
Project("{FAE04EC0-301F-11D3-BF4B-00C04F79EFBC}") = "PPTTestProject", "UnitTestProject1\PPTTestProject.csproj", "{CBE3808B-4F6F-46AF-A487-6C830297C3C7}"
EndProject
Project("{2150E333-8FDC-42A3-9474-1A3956D46DE8}") = "1.3.1-Core", "1.3.1-Core", "{11ACF298-EE5F-4D9F-93EE-CD9FE19A1C67}"
EndProject
Project("{2150E333-8FDC-42A3-9474-1A3956D46DE8}") = "1.3.2-MainModule", "1.3.2-MainModule", "{BC26D81D-5185-456F-B9C8-0BF3FAEFC770}"
EndProject
Project("{2150E333-8FDC-42A3-9474-1A3956D46DE8}") = "1.2.1-Core", "1.2.1-Core", "{FBAF7A82-9CD8-4EA8-B2DB-953AE6630C46}"
EndProject
Project("{2150E333-8FDC-42A3-9474-1A3956D46DE8}") = "1.2.2-MainModule", "1.2.2-MainModule", "{F92966B4-8C44-428C-BA5B-24271DFB5FB8}"
EndProject
Project("{2150E333-8FDC-42A3-9474-1A3956D46DE8}") = "1.4.1-Core", "1.4.1-Core", "{F573D8D1-BE79-4914-9AAA-0A6FFB7C77E3}"
EndProject
Project("{2150E333-8FDC-42A3-9474-1A3956D46DE8}") = "1.4.2-MainModule", "1.4.2-MainModule", "{FC4563F9-2798-466A-AB61-30411EAD845D}"
EndProject
Project("{FAE04EC0-301F-11D3-BF4B-00C04F79EFBC}") = "PPT.Domain.Core", "PPT.Domain.Core\PPT.Domain.Core.csproj", "{870F6C54-C463-4B75-9CA7-CB613D12AA18}"
EndProject
Project("{FAE04EC0-301F-11D3-BF4B-00C04F79EFBC}") = "PPT.Domain.Core.Entities", "PPT.Domain.Core.Entities\PPT.Domain.Core.Entities.csproj", "{38558B9B-4328-4F8A-888A-9572152C4216}"
EndProject
Project("{FAE04EC0-301F-11D3-BF4B-00C04F79EFBC}") = "PPT.Domain", "PPT.Domain\PPT.Domain.csproj", "{E115495A-867E-4C91-BAEC-A3001FBE61FB}"
EndProject
Project("{FAE04EC0-301F-11D3-BF4B-00C04F79EFBC}") = "PPT.Domain.Entities", "PPT.Domain.Entities\PPT.Domain.Entities.csproj", "{6C63A2AA-19AA-448B-B3DA-8F11532EF521}"
EndProject
Project("{FAE04EC0-301F-11D3-BF4B-00C04F79EFBC}") = "PPT.Infrastructure.Core", "PPT.Infrastructure.Core\PPT.Infrastructure.Core.csproj", "{259C44E4-98E3-4F85-8DA3-15AC80C837C6}"
EndProject
Project("{FAE04EC0-301F-11D3-BF4B-00C04F79EFBC}") = "PPT.Infrastructure.Data", "PPT.Infrastructure.Data\PPT.Infrastructure.Data.csproj", "{7634A835-2DB1-4AAA-91D0-2B857D1E71B8}"
EndProject
Project("{FAE04EC0-301F-11D3-BF4B-00C04F79EFBC}") = "PPT.Application.Core", "PPT.Application.Core\PPT.Application.Core.csproj", "{FF63AAC3-2F1D-4222-9327-011918F360B3}"
EndProject
Project("{FAE04EC0-301F-11D3-BF4B-00C04F79EFBC}") = "PPT.Application", "PPT.Application\PPT.Application.csproj", "{E37AA37A-4564-46DD-BC49-B311C4239761}"
EndProject
Global
	GlobalSection(SolutionConfigurationPlatforms) = preSolution
		Debug|Any CPU = Debug|Any CPU
		Release|Any CPU = Release|Any CPU
	EndGlobalSection
	GlobalSection(ProjectConfigurationPlatforms) = postSolution
		{09B60736-1576-49D0-8E1E-3BE50F68AA1A}.Debug|Any CPU.ActiveCfg = Debug|Any CPU
		{09B60736-1576-49D0-8E1E-3BE50F68AA1A}.Debug|Any CPU.Build.0 = Debug|Any CPU
		{09B60736-1576-49D0-8E1E-3BE50F68AA1A}.Release|Any CPU.ActiveCfg = Release|Any CPU
		{09B60736-1576-49D0-8E1E-3BE50F68AA1A}.Release|Any CPU.Build.0 = Release|Any CPU
		{CBE3808B-4F6F-46AF-A487-6C830297C3C7}.Debug|Any CPU.ActiveCfg = Debug|Any CPU
		{CBE3808B-4F6F-46AF-A487-6C830297C3C7}.Debug|Any CPU.Build.0 = Debug|Any CPU
		{CBE3808B-4F6F-46AF-A487-6C830297C3C7}.Release|Any CPU.ActiveCfg = Release|Any CPU
		{CBE3808B-4F6F-46AF-A487-6C830297C3C7}.Release|Any CPU.Build.0 = Release|Any CPU
		{870F6C54-C463-4B75-9CA7-CB613D12AA18}.Debug|Any CPU.ActiveCfg = Debug|Any CPU
		{870F6C54-C463-4B75-9CA7-CB613D12AA18}.Debug|Any CPU.Build.0 = Debug|Any CPU
		{870F6C54-C463-4B75-9CA7-CB613D12AA18}.Release|Any CPU.ActiveCfg = Release|Any CPU
		{870F6C54-C463-4B75-9CA7-CB613D12AA18}.Release|Any CPU.Build.0 = Release|Any CPU
		{38558B9B-4328-4F8A-888A-9572152C4216}.Debug|Any CPU.ActiveCfg = Debug|Any CPU
		{38558B9B-4328-4F8A-888A-9572152C4216}.Debug|Any CPU.Build.0 = Debug|Any CPU
		{38558B9B-4328-4F8A-888A-9572152C4216}.Release|Any CPU.ActiveCfg = Release|Any CPU
		{38558B9B-4328-4F8A-888A-9572152C4216}.Release|Any CPU.Build.0 = Release|Any CPU
		{E115495A-867E-4C91-BAEC-A3001FBE61FB}.Debug|Any CPU.ActiveCfg = Debug|Any CPU
		{E115495A-867E-4C91-BAEC-A3001FBE61FB}.Debug|Any CPU.Build.0 = Debug|Any CPU
		{E115495A-867E-4C91-BAEC-A3001FBE61FB}.Release|Any CPU.ActiveCfg = Release|Any CPU
		{E115495A-867E-4C91-BAEC-A3001FBE61FB}.Release|Any CPU.Build.0 = Release|Any CPU
		{6C63A2AA-19AA-448B-B3DA-8F11532EF521}.Debug|Any CPU.ActiveCfg = Debug|Any CPU
		{6C63A2AA-19AA-448B-B3DA-8F11532EF521}.Debug|Any CPU.Build.0 = Debug|Any CPU
		{6C63A2AA-19AA-448B-B3DA-8F11532EF521}.Release|Any CPU.ActiveCfg = Release|Any CPU
		{6C63A2AA-19AA-448B-B3DA-8F11532EF521}.Release|Any CPU.Build.0 = Release|Any CPU
		{259C44E4-98E3-4F85-8DA3-15AC80C837C6}.Debug|Any CPU.ActiveCfg = Debug|Any CPU
		{259C44E4-98E3-4F85-8DA3-15AC80C837C6}.Debug|Any CPU.Build.0 = Debug|Any CPU
		{259C44E4-98E3-4F85-8DA3-15AC80C837C6}.Release|Any CPU.ActiveCfg = Release|Any CPU
		{259C44E4-98E3-4F85-8DA3-15AC80C837C6}.Release|Any CPU.Build.0 = Release|Any CPU
		{7634A835-2DB1-4AAA-91D0-2B857D1E71B8}.Debug|Any CPU.ActiveCfg = Debug|Any CPU
		{7634A835-2DB1-4AAA-91D0-2B857D1E71B8}.Debug|Any CPU.Build.0 = Debug|Any CPU
		{7634A835-2DB1-4AAA-91D0-2B857D1E71B8}.Release|Any CPU.ActiveCfg = Release|Any CPU
		{7634A835-2DB1-4AAA-91D0-2B857D1E71B8}.Release|Any CPU.Build.0 = Release|Any CPU
		{FF63AAC3-2F1D-4222-9327-011918F360B3}.Debug|Any CPU.ActiveCfg = Debug|Any CPU
		{FF63AAC3-2F1D-4222-9327-011918F360B3}.Debug|Any CPU.Build.0 = Debug|Any CPU
		{FF63AAC3-2F1D-4222-9327-011918F360B3}.Release|Any CPU.ActiveCfg = Release|Any CPU
		{FF63AAC3-2F1D-4222-9327-011918F360B3}.Release|Any CPU.Build.0 = Release|Any CPU
		{E37AA37A-4564-46DD-BC49-B311C4239761}.Debug|Any CPU.ActiveCfg = Debug|Any CPU
		{E37AA37A-4564-46DD-BC49-B311C4239761}.Debug|Any CPU.Build.0 = Debug|Any CPU
		{E37AA37A-4564-46DD-BC49-B311C4239761}.Release|Any CPU.ActiveCfg = Release|Any CPU
		{E37AA37A-4564-46DD-BC49-B311C4239761}.Release|Any CPU.Build.0 = Release|Any CPU
	EndGlobalSection
	GlobalSection(SolutionProperties) = preSolution
		HideSolutionNode = FALSE
	EndGlobalSection
	GlobalSection(NestedProjects) = preSolution
		{09B60736-1576-49D0-8E1E-3BE50F68AA1A} = {95F180B5-1158-4C89-8E8C-700DBA9CE955}
		{CBE3808B-4F6F-46AF-A487-6C830297C3C7} = {CEA9A544-FCA9-4DA4-B2BF-C613A7AD800F}
		{11ACF298-EE5F-4D9F-93EE-CD9FE19A1C67} = {2C2A8C23-2629-4B81-B303-F27E518C6FF1}
		{BC26D81D-5185-456F-B9C8-0BF3FAEFC770} = {2C2A8C23-2629-4B81-B303-F27E518C6FF1}
		{FBAF7A82-9CD8-4EA8-B2DB-953AE6630C46} = {13D07B89-7685-43FC-B65D-1ECA1F0C8305}
		{F92966B4-8C44-428C-BA5B-24271DFB5FB8} = {13D07B89-7685-43FC-B65D-1ECA1F0C8305}
		{F573D8D1-BE79-4914-9AAA-0A6FFB7C77E3} = {D6394D0E-A793-4F7A-A62E-F268677F3580}
		{FC4563F9-2798-466A-AB61-30411EAD845D} = {D6394D0E-A793-4F7A-A62E-F268677F3580}
		{870F6C54-C463-4B75-9CA7-CB613D12AA18} = {11ACF298-EE5F-4D9F-93EE-CD9FE19A1C67}
		{38558B9B-4328-4F8A-888A-9572152C4216} = {11ACF298-EE5F-4D9F-93EE-CD9FE19A1C67}
		{E115495A-867E-4C91-BAEC-A3001FBE61FB} = {BC26D81D-5185-456F-B9C8-0BF3FAEFC770}
		{6C63A2AA-19AA-448B-B3DA-8F11532EF521} = {BC26D81D-5185-456F-B9C8-0BF3FAEFC770}
		{259C44E4-98E3-4F85-8DA3-15AC80C837C6} = {F573D8D1-BE79-4914-9AAA-0A6FFB7C77E3}
		{7634A835-2DB1-4AAA-91D0-2B857D1E71B8} = {FC4563F9-2798-466A-AB61-30411EAD845D}
		{FF63AAC3-2F1D-4222-9327-011918F360B3} = {FBAF7A82-9CD8-4EA8-B2DB-953AE6630C46}
		{E37AA37A-4564-46DD-BC49-B311C4239761} = {F92966B4-8C44-428C-BA5B-24271DFB5FB8}
	EndGlobalSection
	GlobalSection(ExtensibilityGlobals) = postSolution
		SolutionGuid = {044E1154-1AC2-4692-998D-5C199DFED6DF}
	EndGlobalSection
EndGlobal
